
Microsoft Visual Studio Solution File, Format Version 12.00
# Visual Studio 14
VisualStudioVersion = 14.0.25420.1
MinimumVisualStudioVersion = 10.0.40219.1
Project("{2150E333-8FDC-42A3-9474-1A3956D46DE8}") = "0 Common", "0 Common", "{668CA045-78F7-4B29-BC3B-E57FE3E7CB1B}"
EndProject
Project("{2150E333-8FDC-42A3-9474-1A3956D46DE8}") = "1 Deployable", "1 Deployable", "{6DDEF34F-6FB5-482B-B5EB-18E2AAA5FCB7}"
EndProject
Project("{2150E333-8FDC-42A3-9474-1A3956D46DE8}") = "2 BusinessService", "2 BusinessService", "{7CA4F5AA-4E08-43BF-A08F-BA76676B9ED8}"
EndProject
Project("{2150E333-8FDC-42A3-9474-1A3956D46DE8}") = "3 Repository", "3 Repository", "{E432B67C-CB4A-49B5-A31B-253CE80E7BAF}"
EndProject
Project("{2150E333-8FDC-42A3-9474-1A3956D46DE8}") = "4 Test", "4 Test", "{1AEA58FB-F4A2-4724-B2C7-E4A0FE7EEB87}"
EndProject
Project("{2150E333-8FDC-42A3-9474-1A3956D46DE8}") = "Utils", "Utils", "{D72CCCC1-D26B-4F14-BD8C-02B42E37AF86}"
EndProject
Project("{2150E333-8FDC-42A3-9474-1A3956D46DE8}") = "Log", "Log", "{43D6E953-3753-4DD5-B25C-7A3BF057555B}"
EndProject
Project("{FAE04EC0-301F-11D3-BF4B-00C04F79EFBC}") = "LYC.StdMgt.Domain", "LYC.StdMgt.Domain\LYC.StdMgt.Domain.csproj", "{BA4010C8-5669-4F44-9413-8CC979BE774C}"
EndProject
Project("{FAE04EC0-301F-11D3-BF4B-00C04F79EFBC}") = "LYC.StdMgt.Ioc", "LYC.StdMgt.Ioc\LYC.StdMgt.Ioc.csproj", "{3E582AAD-BADF-40F9-8F6C-916AF6C84985}"
EndProject
Project("{2150E333-8FDC-42A3-9474-1A3956D46DE8}") = "Common", "Common", "{5ACF3393-B8AC-4909-A241-456975D0D79D}"
EndProject
Project("{FAE04EC0-301F-11D3-BF4B-00C04F79EFBC}") = "LYC.StdMgt.Web", "LYC.StdMgt.Web\LYC.StdMgt.Web.csproj", "{8B5C4596-6E68-4EC6-97B5-E613B034842C}"
EndProject
Project("{FAE04EC0-301F-11D3-BF4B-00C04F79EFBC}") = "LYC.StdMgt.Web.Tests", "LYC.StdMgt.Web.Tests\LYC.StdMgt.Web.Tests.csproj", "{B6FA7971-2189-4FCC-83BB-07E95A21BC01}"
EndProject
Project("{FAE04EC0-301F-11D3-BF4B-00C04F79EFBC}") = "LYC.StdMgt.WebAPI", "LYC.StdMgt.WebAPI\LYC.StdMgt.WebAPI.csproj", "{FFC050A8-CD96-4857-B801-B049A1A13A42}"
EndProject
Project("{FAE04EC0-301F-11D3-BF4B-00C04F79EFBC}") = "LYC.StdMgt.WebAPI.Tests", "LYC.StdMgt.WebAPI.Tests\LYC.StdMgt.WebAPI.Tests.csproj", "{B730E0FA-030E-46A2-AEB3-820F37589B14}"
EndProject
Project("{2150E333-8FDC-42A3-9474-1A3956D46DE8}") = "Common", "Common", "{90C97B46-C9E6-42E2-A361-658EC9849313}"
EndProject
Project("{2150E333-8FDC-42A3-9474-1A3956D46DE8}") = "Contracts", "Contracts", "{60F2D641-FD5D-4CDA-9BBC-4C9076BD8FA0}"
EndProject
Project("{2150E333-8FDC-42A3-9474-1A3956D46DE8}") = "Common", "Common", "{43BD628C-A197-4CBB-BF3C-46D0C1791D4C}"
EndProject
Project("{2150E333-8FDC-42A3-9474-1A3956D46DE8}") = "Contracts", "Contracts", "{A0146B85-3E78-4083-8BC8-84A8BB045CEB}"
EndProject
Project("{FAE04EC0-301F-11D3-BF4B-00C04F79EFBC}") = "LYC.StdMgt.BusinessService.Contracts", "LYC.StdMgt.BusinessService.Contracts\LYC.StdMgt.BusinessService.Contracts.csproj", "{81A37886-99C1-4D9C-B17A-D672BE0E9995}"
EndProject
Project("{FAE04EC0-301F-11D3-BF4B-00C04F79EFBC}") = "LYC.StdMgt.BusinessService", "LYC.StdMgt.BusinessService\LYC.StdMgt.BusinessService.csproj", "{AA5E8DA0-54FF-4814-BA2D-85A5C040A5C0}"
EndProject
Project("{FAE04EC0-301F-11D3-BF4B-00C04F79EFBC}") = "LYC.StdMgt.Repository.Contract", "LYC.StdMgt.Repository.Contract\LYC.StdMgt.Repository.Contract.csproj", "{7B9C6B8E-CD10-477A-A634-A766D15ACC6F}"
EndProject
Project("{FAE04EC0-301F-11D3-BF4B-00C04F79EFBC}") = "LYC.StdMgt.Repository", "LYC.StdMgt.Repository\LYC.StdMgt.Repository.csproj", "{08584607-2B75-4547-B9C8-FA2ABF31ED7F}"
EndProject
Project("{FAE04EC0-301F-11D3-BF4B-00C04F79EFBC}") = "LYC.StdMgt.Utils.Log", "LYC.StdMgt.Utils.Log\LYC.StdMgt.Utils.Log.csproj", "{5533E12C-E31E-4E68-9C6C-2AC225E976D6}"
EndProject
Project("{2150E333-8FDC-42A3-9474-1A3956D46DE8}") = "Contracts", "Contracts", "{300AF0A8-F638-4E83-B402-3DBFA4E748D6}"
EndProject
Project("{FAE04EC0-301F-11D3-BF4B-00C04F79EFBC}") = "LYC.StdMgt.Utils.Log.Contracts", "LYC.StdMgt.Utils.Log.Contracts\LYC.StdMgt.Utils.Log.Contracts.csproj", "{17760EAD-E0DB-45F4-A6D8-3362F055B937}"
EndProject
Project("{FAE04EC0-301F-11D3-BF4B-00C04F79EFBC}") = "LYC.StdMgt.BusinessService.Test", "LYC.StdMgt.BusinessService.Test\LYC.StdMgt.BusinessService.Test.csproj", "{996AD2C5-DAC4-48B0-BE64-71B2E601B9B9}"
EndProject
Global
	GlobalSection(SolutionConfigurationPlatforms) = preSolution
		Debug|Any CPU = Debug|Any CPU
		Release|Any CPU = Release|Any CPU
	EndGlobalSection
	GlobalSection(ProjectConfigurationPlatforms) = postSolution
		{BA4010C8-5669-4F44-9413-8CC979BE774C}.Debug|Any CPU.ActiveCfg = Debug|Any CPU
		{BA4010C8-5669-4F44-9413-8CC979BE774C}.Debug|Any CPU.Build.0 = Debug|Any CPU
		{BA4010C8-5669-4F44-9413-8CC979BE774C}.Release|Any CPU.ActiveCfg = Release|Any CPU
		{BA4010C8-5669-4F44-9413-8CC979BE774C}.Release|Any CPU.Build.0 = Release|Any CPU
		{3E582AAD-BADF-40F9-8F6C-916AF6C84985}.Debug|Any CPU.ActiveCfg = Debug|Any CPU
		{3E582AAD-BADF-40F9-8F6C-916AF6C84985}.Debug|Any CPU.Build.0 = Debug|Any CPU
		{3E582AAD-BADF-40F9-8F6C-916AF6C84985}.Release|Any CPU.ActiveCfg = Release|Any CPU
		{3E582AAD-BADF-40F9-8F6C-916AF6C84985}.Release|Any CPU.Build.0 = Release|Any CPU
		{8B5C4596-6E68-4EC6-97B5-E613B034842C}.Debug|Any CPU.ActiveCfg = Debug|Any CPU
		{8B5C4596-6E68-4EC6-97B5-E613B034842C}.Debug|Any CPU.Build.0 = Debug|Any CPU
		{8B5C4596-6E68-4EC6-97B5-E613B034842C}.Release|Any CPU.ActiveCfg = Release|Any CPU
		{8B5C4596-6E68-4EC6-97B5-E613B034842C}.Release|Any CPU.Build.0 = Release|Any CPU
		{B6FA7971-2189-4FCC-83BB-07E95A21BC01}.Debug|Any CPU.ActiveCfg = Debug|Any CPU
		{B6FA7971-2189-4FCC-83BB-07E95A21BC01}.Debug|Any CPU.Build.0 = Debug|Any CPU
		{B6FA7971-2189-4FCC-83BB-07E95A21BC01}.Release|Any CPU.ActiveCfg = Release|Any CPU
		{B6FA7971-2189-4FCC-83BB-07E95A21BC01}.Release|Any CPU.Build.0 = Release|Any CPU
		{FFC050A8-CD96-4857-B801-B049A1A13A42}.Debug|Any CPU.ActiveCfg = Debug|Any CPU
		{FFC050A8-CD96-4857-B801-B049A1A13A42}.Debug|Any CPU.Build.0 = Debug|Any CPU
		{FFC050A8-CD96-4857-B801-B049A1A13A42}.Release|Any CPU.ActiveCfg = Release|Any CPU
		{FFC050A8-CD96-4857-B801-B049A1A13A42}.Release|Any CPU.Build.0 = Release|Any CPU
		{B730E0FA-030E-46A2-AEB3-820F37589B14}.Debug|Any CPU.ActiveCfg = Debug|Any CPU
		{B730E0FA-030E-46A2-AEB3-820F37589B14}.Debug|Any CPU.Build.0 = Debug|Any CPU
		{B730E0FA-030E-46A2-AEB3-820F37589B14}.Release|Any CPU.ActiveCfg = Release|Any CPU
		{B730E0FA-030E-46A2-AEB3-820F37589B14}.Release|Any CPU.Build.0 = Release|Any CPU
		{81A37886-99C1-4D9C-B17A-D672BE0E9995}.Debug|Any CPU.ActiveCfg = Debug|Any CPU
		{81A37886-99C1-4D9C-B17A-D672BE0E9995}.Debug|Any CPU.Build.0 = Debug|Any CPU
		{81A37886-99C1-4D9C-B17A-D672BE0E9995}.Release|Any CPU.ActiveCfg = Release|Any CPU
		{81A37886-99C1-4D9C-B17A-D672BE0E9995}.Release|Any CPU.Build.0 = Release|Any CPU
		{AA5E8DA0-54FF-4814-BA2D-85A5C040A5C0}.Debug|Any CPU.ActiveCfg = Debug|Any CPU
		{AA5E8DA0-54FF-4814-BA2D-85A5C040A5C0}.Debug|Any CPU.Build.0 = Debug|Any CPU
		{AA5E8DA0-54FF-4814-BA2D-85A5C040A5C0}.Release|Any CPU.ActiveCfg = Release|Any CPU
		{AA5E8DA0-54FF-4814-BA2D-85A5C040A5C0}.Release|Any CPU.Build.0 = Release|Any CPU
		{7B9C6B8E-CD10-477A-A634-A766D15ACC6F}.Debug|Any CPU.ActiveCfg = Debug|Any CPU
		{7B9C6B8E-CD10-477A-A634-A766D15ACC6F}.Debug|Any CPU.Build.0 = Debug|Any CPU
		{7B9C6B8E-CD10-477A-A634-A766D15ACC6F}.Release|Any CPU.ActiveCfg = Release|Any CPU
		{7B9C6B8E-CD10-477A-A634-A766D15ACC6F}.Release|Any CPU.Build.0 = Release|Any CPU
		{08584607-2B75-4547-B9C8-FA2ABF31ED7F}.Debug|Any CPU.ActiveCfg = Debug|Any CPU
		{08584607-2B75-4547-B9C8-FA2ABF31ED7F}.Debug|Any CPU.Build.0 = Debug|Any CPU
		{08584607-2B75-4547-B9C8-FA2ABF31ED7F}.Release|Any CPU.ActiveCfg = Release|Any CPU
		{08584607-2B75-4547-B9C8-FA2ABF31ED7F}.Release|Any CPU.Build.0 = Release|Any CPU
		{5533E12C-E31E-4E68-9C6C-2AC225E976D6}.Debug|Any CPU.ActiveCfg = Debug|Any CPU
		{5533E12C-E31E-4E68-9C6C-2AC225E976D6}.Debug|Any CPU.Build.0 = Debug|Any CPU
		{5533E12C-E31E-4E68-9C6C-2AC225E976D6}.Release|Any CPU.ActiveCfg = Release|Any CPU
		{5533E12C-E31E-4E68-9C6C-2AC225E976D6}.Release|Any CPU.Build.0 = Release|Any CPU
		{17760EAD-E0DB-45F4-A6D8-3362F055B937}.Debug|Any CPU.ActiveCfg = Debug|Any CPU
		{17760EAD-E0DB-45F4-A6D8-3362F055B937}.Debug|Any CPU.Build.0 = Debug|Any CPU
		{17760EAD-E0DB-45F4-A6D8-3362F055B937}.Release|Any CPU.ActiveCfg = Release|Any CPU
		{17760EAD-E0DB-45F4-A6D8-3362F055B937}.Release|Any CPU.Build.0 = Release|Any CPU
		{996AD2C5-DAC4-48B0-BE64-71B2E601B9B9}.Debug|Any CPU.ActiveCfg = Debug|Any CPU
		{996AD2C5-DAC4-48B0-BE64-71B2E601B9B9}.Debug|Any CPU.Build.0 = Debug|Any CPU
		{996AD2C5-DAC4-48B0-BE64-71B2E601B9B9}.Release|Any CPU.ActiveCfg = Release|Any CPU
		{996AD2C5-DAC4-48B0-BE64-71B2E601B9B9}.Release|Any CPU.Build.0 = Release|Any CPU
	EndGlobalSection
	GlobalSection(SolutionProperties) = preSolution
		HideSolutionNode = FALSE
	EndGlobalSection
	GlobalSection(NestedProjects) = preSolution
		{D72CCCC1-D26B-4F14-BD8C-02B42E37AF86} = {668CA045-78F7-4B29-BC3B-E57FE3E7CB1B}
		{43D6E953-3753-4DD5-B25C-7A3BF057555B} = {D72CCCC1-D26B-4F14-BD8C-02B42E37AF86}
		{BA4010C8-5669-4F44-9413-8CC979BE774C} = {668CA045-78F7-4B29-BC3B-E57FE3E7CB1B}
		{3E582AAD-BADF-40F9-8F6C-916AF6C84985} = {668CA045-78F7-4B29-BC3B-E57FE3E7CB1B}
		{5ACF3393-B8AC-4909-A241-456975D0D79D} = {6DDEF34F-6FB5-482B-B5EB-18E2AAA5FCB7}
		{8B5C4596-6E68-4EC6-97B5-E613B034842C} = {6DDEF34F-6FB5-482B-B5EB-18E2AAA5FCB7}
		{B6FA7971-2189-4FCC-83BB-07E95A21BC01} = {1AEA58FB-F4A2-4724-B2C7-E4A0FE7EEB87}
		{FFC050A8-CD96-4857-B801-B049A1A13A42} = {6DDEF34F-6FB5-482B-B5EB-18E2AAA5FCB7}
		{B730E0FA-030E-46A2-AEB3-820F37589B14} = {1AEA58FB-F4A2-4724-B2C7-E4A0FE7EEB87}
		{90C97B46-C9E6-42E2-A361-658EC9849313} = {7CA4F5AA-4E08-43BF-A08F-BA76676B9ED8}
		{60F2D641-FD5D-4CDA-9BBC-4C9076BD8FA0} = {7CA4F5AA-4E08-43BF-A08F-BA76676B9ED8}
		{43BD628C-A197-4CBB-BF3C-46D0C1791D4C} = {E432B67C-CB4A-49B5-A31B-253CE80E7BAF}
		{A0146B85-3E78-4083-8BC8-84A8BB045CEB} = {E432B67C-CB4A-49B5-A31B-253CE80E7BAF}
		{81A37886-99C1-4D9C-B17A-D672BE0E9995} = {60F2D641-FD5D-4CDA-9BBC-4C9076BD8FA0}
		{AA5E8DA0-54FF-4814-BA2D-85A5C040A5C0} = {7CA4F5AA-4E08-43BF-A08F-BA76676B9ED8}
		{7B9C6B8E-CD10-477A-A634-A766D15ACC6F} = {A0146B85-3E78-4083-8BC8-84A8BB045CEB}
		{08584607-2B75-4547-B9C8-FA2ABF31ED7F} = {E432B67C-CB4A-49B5-A31B-253CE80E7BAF}
		{5533E12C-E31E-4E68-9C6C-2AC225E976D6} = {43D6E953-3753-4DD5-B25C-7A3BF057555B}
		{300AF0A8-F638-4E83-B402-3DBFA4E748D6} = {43D6E953-3753-4DD5-B25C-7A3BF057555B}
		{17760EAD-E0DB-45F4-A6D8-3362F055B937} = {300AF0A8-F638-4E83-B402-3DBFA4E748D6}
		{996AD2C5-DAC4-48B0-BE64-71B2E601B9B9} = {1AEA58FB-F4A2-4724-B2C7-E4A0FE7EEB87}
	EndGlobalSection
EndGlobal
